
Microsoft Visual Studio Solution File, Format Version 12.00
# Visual Studio Version 17
VisualStudioVersion = 17.9.34714.143
MinimumVisualStudioVersion = 10.0.40219.1
Project("{2150E333-8FDC-42A3-9474-1A3956D46DE8}") = "FrameWork", "FrameWork", "{5CC6F8A0-9715-4E8D-82A2-DBFCCC6CBA86}"
EndProject
Project("{9A19103F-16F7-4668-BE54-9A1E7A4F7556}") = "Design.Domain", "FrameWork\Design.Domain\Design.Domain.csproj", "{20CEE6A9-9D95-4E41-A031-60D9F99BB30A}"
EndProject
Project("{9A19103F-16F7-4668-BE54-9A1E7A4F7556}") = "Design.Application.Contracts", "FrameWork\Design.Application.Contracts\Design.Application.Contracts.csproj", "{3A65678A-FAC4-42E8-9FCC-7F48062CF435}"
EndProject
Project("{9A19103F-16F7-4668-BE54-9A1E7A4F7556}") = "Design.Application", "FrameWork\Design.Application\Design.Application.csproj", "{60A98B2B-8D70-433B-BD76-EA1146D45228}"
EndProject
Global
	GlobalSection(SolutionConfigurationPlatforms) = preSolution
		Debug|Any CPU = Debug|Any CPU
		Release|Any CPU = Release|Any CPU
	EndGlobalSection
	GlobalSection(ProjectConfigurationPlatforms) = postSolution
		{20CEE6A9-9D95-4E41-A031-60D9F99BB30A}.Debug|Any CPU.ActiveCfg = Debug|Any CPU
		{20CEE6A9-9D95-4E41-A031-60D9F99BB30A}.Debug|Any CPU.Build.0 = Debug|Any CPU
		{20CEE6A9-9D95-4E41-A031-60D9F99BB30A}.Release|Any CPU.ActiveCfg = Release|Any CPU
		{20CEE6A9-9D95-4E41-A031-60D9F99BB30A}.Release|Any CPU.Build.0 = Release|Any CPU
		{3A65678A-FAC4-42E8-9FCC-7F48062CF435}.Debug|Any CPU.ActiveCfg = Debug|Any CPU
		{3A65678A-FAC4-42E8-9FCC-7F48062CF435}.Debug|Any CPU.Build.0 = Debug|Any CPU
		{3A65678A-FAC4-42E8-9FCC-7F48062CF435}.Release|Any CPU.ActiveCfg = Release|Any CPU
		{3A65678A-FAC4-42E8-9FCC-7F48062CF435}.Release|Any CPU.Build.0 = Release|Any CPU
		{60A98B2B-8D70-433B-BD76-EA1146D45228}.Debug|Any CPU.ActiveCfg = Debug|Any CPU
		{60A98B2B-8D70-433B-BD76-EA1146D45228}.Debug|Any CPU.Build.0 = Debug|Any CPU
		{60A98B2B-8D70-433B-BD76-EA1146D45228}.Release|Any CPU.ActiveCfg = Release|Any CPU
		{60A98B2B-8D70-433B-BD76-EA1146D45228}.Release|Any CPU.Build.0 = Release|Any CPU
	EndGlobalSection
	GlobalSection(SolutionProperties) = preSolution
		HideSolutionNode = FALSE
	EndGlobalSection
	GlobalSection(NestedProjects) = preSolution
		{20CEE6A9-9D95-4E41-A031-60D9F99BB30A} = {5CC6F8A0-9715-4E8D-82A2-DBFCCC6CBA86}
		{3A65678A-FAC4-42E8-9FCC-7F48062CF435} = {5CC6F8A0-9715-4E8D-82A2-DBFCCC6CBA86}
		{60A98B2B-8D70-433B-BD76-EA1146D45228} = {5CC6F8A0-9715-4E8D-82A2-DBFCCC6CBA86}
	EndGlobalSection
	GlobalSection(ExtensibilityGlobals) = postSolution
		SolutionGuid = {BF4402F8-E075-4BB2-AEC6-917FECCCD5CF}
	EndGlobalSection
EndGlobal
